
Microsoft Visual Studio Solution File, Format Version 12.00
Project("{2150E333-8FDC-42A3-9474-1A3956D46DE8}") = "src", "src", "{10E8B22D-64A7-4BA0-A7AE-C3B05FCE73C6}"
EndProject
Project("{FAE04EC0-301F-11D3-BF4B-00C04F79EFBC}") = "Rivellas.Blazor", "src\Rivellas.Blazor\Rivellas.Blazor.csproj", "{8CCC86D3-B98C-4F72-8171-202579C0720B}"
EndProject
EndProject
Global
	GlobalSection(SolutionConfigurationPlatforms) = preSolution
		Debug|Any CPU = Debug|Any CPU
		Release|Any CPU = Release|Any CPU
	EndGlobalSection
	GlobalSection(ProjectConfigurationPlatforms) = postSolution
		{8CCC86D3-B98C-4F72-8171-202579C0720B}.Debug|Any CPU.ActiveCfg = Debug|Any CPU
		{8CCC86D3-B98C-4F72-8171-202579C0720B}.Debug|Any CPU.Build.0 = Debug|Any CPU
		{8CCC86D3-B98C-4F72-8171-202579C0720B}.Release|Any CPU.ActiveCfg = Release|Any CPU
		{8CCC86D3-B98C-4F72-8171-202579C0720B}.Release|Any CPU.Build.0 = Release|Any CPU
	EndGlobalSection
	GlobalSection(NestedProjects) = preSolution
		{8CCC86D3-B98C-4F72-8171-202579C0720B} = {10E8B22D-64A7-4BA0-A7AE-C3B05FCE73C6}
	EndGlobalSection
EndGlobal
